{
  "name": "utools-hashids",
  "version": "1.0.0",
  "lockfileVersion": 1,
  "requires": true,
  "dependencies": {
    "@types/mousetrap": {
      "version": "1.6.5",
      "resolved": "https://registry.npm.taobao.org/@types/mousetrap/download/@types/mousetrap-1.6.5.tgz",
      "integrity": "sha1-6VVpqmJz2+DtGBT4YodUfMBuk8k=",
      "dev": true
    },
    "@types/node": {
      "version": "13.13.47",
      "resolved": "https://registry.npm.taobao.org/@types/node/download/@types/node-13.13.47.tgz?cache=0&sync_timestamp=1615834840617&other_urls=https%3A%2F%2Fregistry.npm.taobao.org%2F%40types%2Fnode%2Fdownload%2F%40types%2Fnode-13.13.47.tgz",
      "integrity": "sha1-bspCw0YoITCbJu28Lv8NseN6ubw="
    },
    "hashids": {
      "version": "2.2.8",
      "resolved": "https://registry.npm.taobao.org/hashids/download/hashids-2.2.8.tgz",
      "integrity": "sha1-0eThvkjnEa1uXyezLDfDmdXutbQ="
    },
    "mousetrap": {
      "version": "1.6.5",
      "resolved": "https://registry.npm.taobao.org/mousetrap/download/mousetrap-1.6.5.tgz",
      "integrity": "sha1-inZtjCcrCDk9X1YHTgtewYNIW/k="
    },
    "utools-helper": {
      "version": "1.4.6",
      "resolved": "https://registry.npm.taobao.org/utools-helper/download/utools-helper-1.4.6.tgz",
      "integrity": "sha1-EHxKuIhvy8/al0AlH6FDs2SaHbg=",
      "requires": {
        "@types/node": "^13.1.0"
      }
    }
  }
}
